// !$*UTF8*$!
{
	archiveVersion = 1;
	classes = {
	};
	objectVersion = 56;
	objects = {

/* Begin PBXBuildFile section */
		3459C4722BDC941300BE788E /* WelcomeUIView.swift in Sources */ = {isa = PBXBuildFile; fileRef = 3459C4712BDC941300BE788E /* WelcomeUIView.swift */; };
		347841002BE338D6003182A5 /* GoogleService-Info.plist in Resources */ = {isa = PBXBuildFile; fileRef = 347840FF2BE338D6003182A5 /* GoogleService-Info.plist */; };
		347841032BE33C1C003182A5 /* GoogleSignIn in Frameworks */ = {isa = PBXBuildFile; productRef = 347841022BE33C1C003182A5 /* GoogleSignIn */; };
		347841052BE33C1C003182A5 /* GoogleSignInSwift in Frameworks */ = {isa = PBXBuildFile; productRef = 347841042BE33C1C003182A5 /* GoogleSignInSwift */; };
		347841092BE346F1003182A5 /* Utilities.swift in Sources */ = {isa = PBXBuildFile; fileRef = 347841082BE346F1003182A5 /* Utilities.swift */; };
		349582262BD864C300B7EA75 /* Child_Lock_PrototypeApp.swift in Sources */ = {isa = PBXBuildFile; fileRef = 349582252BD864C300B7EA75 /* Child_Lock_PrototypeApp.swift */; };
		349582282BD864C300B7EA75 /* ContentView.swift in Sources */ = {isa = PBXBuildFile; fileRef = 349582272BD864C300B7EA75 /* ContentView.swift */; };
		3495822A2BD864C400B7EA75 /* Assets.xcassets in Resources */ = {isa = PBXBuildFile; fileRef = 349582292BD864C400B7EA75 /* Assets.xcassets */; };
		3495822D2BD864C400B7EA75 /* Preview Assets.xcassets in Resources */ = {isa = PBXBuildFile; fileRef = 3495822C2BD864C400B7EA75 /* Preview Assets.xcassets */; };
		3495822F2BD864C400B7EA75 /* Persistence.swift in Sources */ = {isa = PBXBuildFile; fileRef = 3495822E2BD864C400B7EA75 /* Persistence.swift */; };
		349582322BD864C400B7EA75 /* Child_Lock_Prototype.xcdatamodeld in Sources */ = {isa = PBXBuildFile; fileRef = 349582302BD864C400B7EA75 /* Child_Lock_Prototype.xcdatamodeld */; };
		3495823C2BD864C400B7EA75 /* Child_Lock_PrototypeTests.swift in Sources */ = {isa = PBXBuildFile; fileRef = 3495823B2BD864C400B7EA75 /* Child_Lock_PrototypeTests.swift */; };
		349582462BD864C400B7EA75 /* Child_Lock_PrototypeUITests.swift in Sources */ = {isa = PBXBuildFile; fileRef = 349582452BD864C400B7EA75 /* Child_Lock_PrototypeUITests.swift */; };
		349582482BD864C400B7EA75 /* Child_Lock_PrototypeUITestsLaunchTests.swift in Sources */ = {isa = PBXBuildFile; fileRef = 349582472BD864C400B7EA75 /* Child_Lock_PrototypeUITestsLaunchTests.swift */; };
		349582552BD864F400B7EA75 /* Storyboard.storyboard in Resources */ = {isa = PBXBuildFile; fileRef = 349582542BD864F400B7EA75 /* Storyboard.storyboard */; };
		349582572BD86B7200B7EA75 /* LoginUIView.swift in Sources */ = {isa = PBXBuildFile; fileRef = 349582562BD86B7200B7EA75 /* LoginUIView.swift */; };
		34BAA5192BE1C8190090D34D /* FirebaseFirestore in Frameworks */ = {isa = PBXBuildFile; productRef = 34BAA5182BE1C8190090D34D /* FirebaseFirestore */; };
		34BAA51B2BE1CED00090D34D /* AccountInfoUIView.swift in Sources */ = {isa = PBXBuildFile; fileRef = 34BAA51A2BE1CED00090D34D /* AccountInfoUIView.swift */; };
		34BAA51D2BE1FCE20090D34D /* DashboardUIView.swift in Sources */ = {isa = PBXBuildFile; fileRef = 34BAA51C2BE1FCE20090D34D /* DashboardUIView.swift */; };
		34E5A3512BDC345A00938DD2 /* FirebaseAnalytics in Frameworks */ = {isa = PBXBuildFile; productRef = 34E5A3502BDC345A00938DD2 /* FirebaseAnalytics */; };
		34E5A3532BDC345A00938DD2 /* FirebaseAnalyticsSwift in Frameworks */ = {isa = PBXBuildFile; productRef = 34E5A3522BDC345A00938DD2 /* FirebaseAnalyticsSwift */; };
		34E5A3582BDC39D300938DD2 /* FirebaseAuth in Frameworks */ = {isa = PBXBuildFile; productRef = 34E5A3572BDC39D300938DD2 /* FirebaseAuth */; };
		34E5A35A2BDC3C7400938DD2 /* SignUpUIView.swift in Sources */ = {isa = PBXBuildFile; fileRef = 34E5A3592BDC3C7400938DD2 /* SignUpUIView.swift */; };
/* End PBXBuildFile section */

/* Begin PBXContainerItemProxy section */
		349582382BD864C400B7EA75 /* PBXContainerItemProxy */ = {
			isa = PBXContainerItemProxy;
			containerPortal = 3495821A2BD864C300B7EA75 /* Project object */;
			proxyType = 1;
			remoteGlobalIDString = 349582212BD864C300B7EA75;
			remoteInfo = "Child Lock Prototype";
		};
		349582422BD864C400B7EA75 /* PBXContainerItemProxy */ = {
			isa = PBXContainerItemProxy;
			containerPortal = 3495821A2BD864C300B7EA75 /* Project object */;
			proxyType = 1;
			remoteGlobalIDString = 349582212BD864C300B7EA75;
			remoteInfo = "Child Lock Prototype";
		};
/* End PBXContainerItemProxy section */

/* Begin PBXFileReference section */
		3459C4712BDC941300BE788E /* WelcomeUIView.swift */ = {isa = PBXFileReference; lastKnownFileType = sourcecode.swift; path = WelcomeUIView.swift; sourceTree = "<group>"; };
		347840FF2BE338D6003182A5 /* GoogleService-Info.plist */ = {isa = PBXFileReference; fileEncoding = 4; lastKnownFileType = text.plist.xml; path = "GoogleService-Info.plist"; sourceTree = "<group>"; };
		347841062BE33C54003182A5 /* Child-Lock-Prototype-Info.plist */ = {isa = PBXFileReference; lastKnownFileType = text.plist; path = "Child-Lock-Prototype-Info.plist"; sourceTree = SOURCE_ROOT; };
		347841082BE346F1003182A5 /* Utilities.swift */ = {isa = PBXFileReference; lastKnownFileType = sourcecode.swift; path = Utilities.swift; sourceTree = "<group>"; };
		349582222BD864C300B7EA75 /* Child Lock Prototype.app */ = {isa = PBXFileReference; explicitFileType = wrapper.application; includeInIndex = 0; path = "Child Lock Prototype.app"; sourceTree = BUILT_PRODUCTS_DIR; };
		349582252BD864C300B7EA75 /* Child_Lock_PrototypeApp.swift */ = {isa = PBXFileReference; lastKnownFileType = sourcecode.swift; path = Child_Lock_PrototypeApp.swift; sourceTree = "<group>"; };
		349582272BD864C300B7EA75 /* ContentView.swift */ = {isa = PBXFileReference; lastKnownFileType = sourcecode.swift; path = ContentView.swift; sourceTree = "<group>"; };
		349582292BD864C400B7EA75 /* Assets.xcassets */ = {isa = PBXFileReference; lastKnownFileType = folder.assetcatalog; path = Assets.xcassets; sourceTree = "<group>"; };
		3495822C2BD864C400B7EA75 /* Preview Assets.xcassets */ = {isa = PBXFileReference; lastKnownFileType = folder.assetcatalog; path = "Preview Assets.xcassets"; sourceTree = "<group>"; };
		3495822E2BD864C400B7EA75 /* Persistence.swift */ = {isa = PBXFileReference; lastKnownFileType = sourcecode.swift; path = Persistence.swift; sourceTree = "<group>"; };
		349582312BD864C400B7EA75 /* Child_Lock_Prototype.xcdatamodel */ = {isa = PBXFileReference; lastKnownFileType = wrapper.xcdatamodel; path = Child_Lock_Prototype.xcdatamodel; sourceTree = "<group>"; };
		349582372BD864C400B7EA75 /* Child Lock PrototypeTests.xctest */ = {isa = PBXFileReference; explicitFileType = wrapper.cfbundle; includeInIndex = 0; path = "Child Lock PrototypeTests.xctest"; sourceTree = BUILT_PRODUCTS_DIR; };
		3495823B2BD864C400B7EA75 /* Child_Lock_PrototypeTests.swift */ = {isa = PBXFileReference; lastKnownFileType = sourcecode.swift; path = Child_Lock_PrototypeTests.swift; sourceTree = "<group>"; };
		349582412BD864C400B7EA75 /* Child Lock PrototypeUITests.xctest */ = {isa = PBXFileReference; explicitFileType = wrapper.cfbundle; includeInIndex = 0; path = "Child Lock PrototypeUITests.xctest"; sourceTree = BUILT_PRODUCTS_DIR; };
		349582452BD864C400B7EA75 /* Child_Lock_PrototypeUITests.swift */ = {isa = PBXFileReference; lastKnownFileType = sourcecode.swift; path = Child_Lock_PrototypeUITests.swift; sourceTree = "<group>"; };
		349582472BD864C400B7EA75 /* Child_Lock_PrototypeUITestsLaunchTests.swift */ = {isa = PBXFileReference; lastKnownFileType = sourcecode.swift; path = Child_Lock_PrototypeUITestsLaunchTests.swift; sourceTree = "<group>"; };
		349582542BD864F400B7EA75 /* Storyboard.storyboard */ = {isa = PBXFileReference; lastKnownFileType = file.storyboard; path = Storyboard.storyboard; sourceTree = "<group>"; };
		349582562BD86B7200B7EA75 /* LoginUIView.swift */ = {isa = PBXFileReference; lastKnownFileType = sourcecode.swift; path = LoginUIView.swift; sourceTree = "<group>"; };
		34BAA51A2BE1CED00090D34D /* AccountInfoUIView.swift */ = {isa = PBXFileReference; lastKnownFileType = sourcecode.swift; path = AccountInfoUIView.swift; sourceTree = "<group>"; };
		34BAA51C2BE1FCE20090D34D /* DashboardUIView.swift */ = {isa = PBXFileReference; lastKnownFileType = sourcecode.swift; path = DashboardUIView.swift; sourceTree = "<group>"; };
		34E5A3592BDC3C7400938DD2 /* SignUpUIView.swift */ = {isa = PBXFileReference; lastKnownFileType = sourcecode.swift; path = SignUpUIView.swift; sourceTree = "<group>"; };
/* End PBXFileReference section */

/* Begin PBXFrameworksBuildPhase section */
		3495821F2BD864C300B7EA75 /* Frameworks */ = {
			isa = PBXFrameworksBuildPhase;
			buildActionMask = 2147483647;
			files = (
				347841032BE33C1C003182A5 /* GoogleSignIn in Frameworks */,
				34E5A3532BDC345A00938DD2 /* FirebaseAnalyticsSwift in Frameworks */,
				34BAA5192BE1C8190090D34D /* FirebaseFirestore in Frameworks */,
				347841052BE33C1C003182A5 /* GoogleSignInSwift in Frameworks */,
				34E5A3582BDC39D300938DD2 /* FirebaseAuth in Frameworks */,
				34E5A3512BDC345A00938DD2 /* FirebaseAnalytics in Frameworks */,
			);
			runOnlyForDeploymentPostprocessing = 0;
		};
		349582342BD864C400B7EA75 /* Frameworks */ = {
			isa = PBXFrameworksBuildPhase;
			buildActionMask = 2147483647;
			files = (
			);
			runOnlyForDeploymentPostprocessing = 0;
		};
		3495823E2BD864C400B7EA75 /* Frameworks */ = {
			isa = PBXFrameworksBuildPhase;
			buildActionMask = 2147483647;
			files = (
			);
			runOnlyForDeploymentPostprocessing = 0;
		};
/* End PBXFrameworksBuildPhase section */

/* Begin PBXGroup section */
		347841072BE346BE003182A5 /* Utilities */ = {
			isa = PBXGroup;
			children = (
				347841082BE346F1003182A5 /* Utilities.swift */,
			);
			path = Utilities;
			sourceTree = "<group>";
		};
		349582192BD864C300B7EA75 = {
			isa = PBXGroup;
			children = (
				349582242BD864C300B7EA75 /* Child Lock Prototype */,
				3495823A2BD864C400B7EA75 /* Child Lock PrototypeTests */,
				349582442BD864C400B7EA75 /* Child Lock PrototypeUITests */,
				349582232BD864C300B7EA75 /* Products */,
				34E5A3562BDC39D300938DD2 /* Frameworks */,
			);
			sourceTree = "<group>";
		};
		349582232BD864C300B7EA75 /* Products */ = {
			isa = PBXGroup;
			children = (
				349582222BD864C300B7EA75 /* Child Lock Prototype.app */,
				349582372BD864C400B7EA75 /* Child Lock PrototypeTests.xctest */,
				349582412BD864C400B7EA75 /* Child Lock PrototypeUITests.xctest */,
			);
			name = Products;
			sourceTree = "<group>";
		};
		349582242BD864C300B7EA75 /* Child Lock Prototype */ = {
			isa = PBXGroup;
			children = (
				347841072BE346BE003182A5 /* Utilities */,
				347841062BE33C54003182A5 /* Child-Lock-Prototype-Info.plist */,
				349582252BD864C300B7EA75 /* Child_Lock_PrototypeApp.swift */,
				349582272BD864C300B7EA75 /* ContentView.swift */,
				347840FF2BE338D6003182A5 /* GoogleService-Info.plist */,
				349582292BD864C400B7EA75 /* Assets.xcassets */,
				3495822E2BD864C400B7EA75 /* Persistence.swift */,
				349582302BD864C400B7EA75 /* Child_Lock_Prototype.xcdatamodeld */,
				3495822B2BD864C400B7EA75 /* Preview Content */,
				349582542BD864F400B7EA75 /* Storyboard.storyboard */,
				349582562BD86B7200B7EA75 /* LoginUIView.swift */,
			);
			path = "Child Lock Prototype";
			sourceTree = "<group>";
		};
		3495822B2BD864C400B7EA75 /* Preview Content */ = {
			isa = PBXGroup;
			children = (
				3495822C2BD864C400B7EA75 /* Preview Assets.xcassets */,
				34E5A3592BDC3C7400938DD2 /* SignUpUIView.swift */,
				3459C4712BDC941300BE788E /* WelcomeUIView.swift */,
				34BAA51A2BE1CED00090D34D /* AccountInfoUIView.swift */,
				34BAA51C2BE1FCE20090D34D /* DashboardUIView.swift */,
			);
			path = "Preview Content";
			sourceTree = "<group>";
		};
		3495823A2BD864C400B7EA75 /* Child Lock PrototypeTests */ = {
			isa = PBXGroup;
			children = (
				3495823B2BD864C400B7EA75 /* Child_Lock_PrototypeTests.swift */,
			);
			path = "Child Lock PrototypeTests";
			sourceTree = "<group>";
		};
		349582442BD864C400B7EA75 /* Child Lock PrototypeUITests */ = {
			isa = PBXGroup;
			children = (
				349582452BD864C400B7EA75 /* Child_Lock_PrototypeUITests.swift */,
				349582472BD864C400B7EA75 /* Child_Lock_PrototypeUITestsLaunchTests.swift */,
			);
			path = "Child Lock PrototypeUITests";
			sourceTree = "<group>";
		};
		34E5A3562BDC39D300938DD2 /* Frameworks */ = {
			isa = PBXGroup;
			children = (
			);
			name = Frameworks;
			sourceTree = "<group>";
		};
/* End PBXGroup section */

/* Begin PBXNativeTarget section */
		349582212BD864C300B7EA75 /* Child Lock Prototype */ = {
			isa = PBXNativeTarget;
			buildConfigurationList = 3495824B2BD864C400B7EA75 /* Build configuration list for PBXNativeTarget "Child Lock Prototype" */;
			buildPhases = (
				3495821E2BD864C300B7EA75 /* Sources */,
				3495821F2BD864C300B7EA75 /* Frameworks */,
				349582202BD864C300B7EA75 /* Resources */,
			);
			buildRules = (
			);
			dependencies = (
			);
			name = "Child Lock Prototype";
			packageProductDependencies = (
				34E5A3502BDC345A00938DD2 /* FirebaseAnalytics */,
				34E5A3522BDC345A00938DD2 /* FirebaseAnalyticsSwift */,
				34E5A3572BDC39D300938DD2 /* FirebaseAuth */,
				34BAA5182BE1C8190090D34D /* FirebaseFirestore */,
				347841022BE33C1C003182A5 /* GoogleSignIn */,
				347841042BE33C1C003182A5 /* GoogleSignInSwift */,
			);
			productName = "Child Lock Prototype";
			productReference = 349582222BD864C300B7EA75 /* Child Lock Prototype.app */;
			productType = "com.apple.product-type.application";
		};
		349582362BD864C400B7EA75 /* Child Lock PrototypeTests */ = {
			isa = PBXNativeTarget;
			buildConfigurationList = 3495824E2BD864C400B7EA75 /* Build configuration list for PBXNativeTarget "Child Lock PrototypeTests" */;
			buildPhases = (
				349582332BD864C400B7EA75 /* Sources */,
				349582342BD864C400B7EA75 /* Frameworks */,
				349582352BD864C400B7EA75 /* Resources */,
			);
			buildRules = (
			);
			dependencies = (
				349582392BD864C400B7EA75 /* PBXTargetDependency */,
			);
			name = "Child Lock PrototypeTests";
			productName = "Child Lock PrototypeTests";
			productReference = 349582372BD864C400B7EA75 /* Child Lock PrototypeTests.xctest */;
			productType = "com.apple.product-type.bundle.unit-test";
		};
		349582402BD864C400B7EA75 /* Child Lock PrototypeUITests */ = {
			isa = PBXNativeTarget;
			buildConfigurationList = 349582512BD864C400B7EA75 /* Build configuration list for PBXNativeTarget "Child Lock PrototypeUITests" */;
			buildPhases = (
				3495823D2BD864C400B7EA75 /* Sources */,
				3495823E2BD864C400B7EA75 /* Frameworks */,
				3495823F2BD864C400B7EA75 /* Resources */,
			);
			buildRules = (
			);
			dependencies = (
				349582432BD864C400B7EA75 /* PBXTargetDependency */,
			);
			name = "Child Lock PrototypeUITests";
			productName = "Child Lock PrototypeUITests";
			productReference = 349582412BD864C400B7EA75 /* Child Lock PrototypeUITests.xctest */;
			productType = "com.apple.product-type.bundle.ui-testing";
		};
/* End PBXNativeTarget section */

/* Begin PBXProject section */
		3495821A2BD864C300B7EA75 /* Project object */ = {
			isa = PBXProject;
			attributes = {
				BuildIndependentTargetsInParallel = 1;
				LastSwiftUpdateCheck = 1510;
				LastUpgradeCheck = 1510;
				TargetAttributes = {
					349582212BD864C300B7EA75 = {
						CreatedOnToolsVersion = 15.1;
					};
					349582362BD864C400B7EA75 = {
						CreatedOnToolsVersion = 15.1;
						TestTargetID = 349582212BD864C300B7EA75;
					};
					349582402BD864C400B7EA75 = {
						CreatedOnToolsVersion = 15.1;
						TestTargetID = 349582212BD864C300B7EA75;
					};
				};
			};
			buildConfigurationList = 3495821D2BD864C300B7EA75 /* Build configuration list for PBXProject "Child Lock Prototype" */;
			compatibilityVersion = "Xcode 14.0";
			developmentRegion = en;
			hasScannedForEncodings = 0;
			knownRegions = (
				en,
				Base,
			);
			mainGroup = 349582192BD864C300B7EA75;
			packageReferences = (
				34E5A34F2BDC345A00938DD2 /* XCRemoteSwiftPackageReference "firebase-ios-sdk" */,
				347841012BE33C1C003182A5 /* XCRemoteSwiftPackageReference "GoogleSignIn-iOS" */,
			);
			productRefGroup = 349582232BD864C300B7EA75 /* Products */;
			projectDirPath = "";
			projectRoot = "";
			targets = (
				349582212BD864C300B7EA75 /* Child Lock Prototype */,
				349582362BD864C400B7EA75 /* Child Lock PrototypeTests */,
				349582402BD864C400B7EA75 /* Child Lock PrototypeUITests */,
			);
		};
/* End PBXProject section */

/* Begin PBXResourcesBuildPhase section */
		349582202BD864C300B7EA75 /* Resources */ = {
			isa = PBXResourcesBuildPhase;
			buildActionMask = 2147483647;
			files = (
				3495822D2BD864C400B7EA75 /* Preview Assets.xcassets in Resources */,
				347841002BE338D6003182A5 /* GoogleService-Info.plist in Resources */,
				3495822A2BD864C400B7EA75 /* Assets.xcassets in Resources */,
				349582552BD864F400B7EA75 /* Storyboard.storyboard in Resources */,
			);
			runOnlyForDeploymentPostprocessing = 0;
		};
		349582352BD864C400B7EA75 /* Resources */ = {
			isa = PBXResourcesBuildPhase;
			buildActionMask = 2147483647;
			files = (
			);
			runOnlyForDeploymentPostprocessing = 0;
		};
		3495823F2BD864C400B7EA75 /* Resources */ = {
			isa = PBXResourcesBuildPhase;
			buildActionMask = 2147483647;
			files = (
			);
			runOnlyForDeploymentPostprocessing = 0;
		};
/* End PBXResourcesBuildPhase section */

/* Begin PBXSourcesBuildPhase section */
		3495821E2BD864C300B7EA75 /* Sources */ = {
			isa = PBXSourcesBuildPhase;
			buildActionMask = 2147483647;
			files = (
				3495822F2BD864C400B7EA75 /* Persistence.swift in Sources */,
				34E5A35A2BDC3C7400938DD2 /* SignUpUIView.swift in Sources */,
				349582282BD864C300B7EA75 /* ContentView.swift in Sources */,
				349582572BD86B7200B7EA75 /* LoginUIView.swift in Sources */,
				34BAA51B2BE1CED00090D34D /* AccountInfoUIView.swift in Sources */,
				3459C4722BDC941300BE788E /* WelcomeUIView.swift in Sources */,
				349582322BD864C400B7EA75 /* Child_Lock_Prototype.xcdatamodeld in Sources */,
				349582262BD864C300B7EA75 /* Child_Lock_PrototypeApp.swift in Sources */,
				347841092BE346F1003182A5 /* Utilities.swift in Sources */,
				34BAA51D2BE1FCE20090D34D /* DashboardUIView.swift in Sources */,
			);
			runOnlyForDeploymentPostprocessing = 0;
		};
		349582332BD864C400B7EA75 /* Sources */ = {
			isa = PBXSourcesBuildPhase;
			buildActionMask = 2147483647;
			files = (
				3495823C2BD864C400B7EA75 /* Child_Lock_PrototypeTests.swift in Sources */,
			);
			runOnlyForDeploymentPostprocessing = 0;
		};
		3495823D2BD864C400B7EA75 /* Sources */ = {
			isa = PBXSourcesBuildPhase;
			buildActionMask = 2147483647;
			files = (
				349582462BD864C400B7EA75 /* Child_Lock_PrototypeUITests.swift in Sources */,
				349582482BD864C400B7EA75 /* Child_Lock_PrototypeUITestsLaunchTests.swift in Sources */,
			);
			runOnlyForDeploymentPostprocessing = 0;
		};
/* End PBXSourcesBuildPhase section */

/* Begin PBXTargetDependency section */
		349582392BD864C400B7EA75 /* PBXTargetDependency */ = {
			isa = PBXTargetDependency;
			target = 349582212BD864C300B7EA75 /* Child Lock Prototype */;
			targetProxy = 349582382BD864C400B7EA75 /* PBXContainerItemProxy */;
		};
		349582432BD864C400B7EA75 /* PBXTargetDependency */ = {
			isa = PBXTargetDependency;
			target = 349582212BD864C300B7EA75 /* Child Lock Prototype */;
			targetProxy = 349582422BD864C400B7EA75 /* PBXContainerItemProxy */;
		};
/* End PBXTargetDependency section */

/* Begin XCBuildConfiguration section */
		349582492BD864C400B7EA75 /* Debug */ = {
			isa = XCBuildConfiguration;
			buildSettings = {
				ALWAYS_SEARCH_USER_PATHS = NO;
				ASSETCATALOG_COMPILER_GENERATE_SWIFT_ASSET_SYMBOL_EXTENSIONS = YES;
				CLANG_ANALYZER_NONNULL = YES;
				CLANG_ANALYZER_NUMBER_OBJECT_CONVERSION = YES_AGGRESSIVE;
				CLANG_CXX_LANGUAGE_STANDARD = "gnu++20";
				CLANG_ENABLE_MODULES = YES;
				CLANG_ENABLE_OBJC_ARC = YES;
				CLANG_ENABLE_OBJC_WEAK = YES;
				CLANG_WARN_BLOCK_CAPTURE_AUTORELEASING = YES;
				CLANG_WARN_BOOL_CONVERSION = YES;
				CLANG_WARN_COMMA = YES;
				CLANG_WARN_CONSTANT_CONVERSION = YES;
				CLANG_WARN_DEPRECATED_OBJC_IMPLEMENTATIONS = YES;
				CLANG_WARN_DIRECT_OBJC_ISA_USAGE = YES_ERROR;
				CLANG_WARN_DOCUMENTATION_COMMENTS = YES;
				CLANG_WARN_EMPTY_BODY = YES;
				CLANG_WARN_ENUM_CONVERSION = YES;
				CLANG_WARN_INFINITE_RECURSION = YES;
				CLANG_WARN_INT_CONVERSION = YES;
				CLANG_WARN_NON_LITERAL_NULL_CONVERSION = YES;
				CLANG_WARN_OBJC_IMPLICIT_RETAIN_SELF = YES;
				CLANG_WARN_OBJC_LITERAL_CONVERSION = YES;
				CLANG_WARN_OBJC_ROOT_CLASS = YES_ERROR;
				CLANG_WARN_QUOTED_INCLUDE_IN_FRAMEWORK_HEADER = YES;
				CLANG_WARN_RANGE_LOOP_ANALYSIS = YES;
				CLANG_WARN_STRICT_PROTOTYPES = YES;
				CLANG_WARN_SUSPICIOUS_MOVE = YES;
				CLANG_WARN_UNGUARDED_AVAILABILITY = YES_AGGRESSIVE;
				CLANG_WARN_UNREACHABLE_CODE = YES;
				CLANG_WARN__DUPLICATE_METHOD_MATCH = YES;
				COPY_PHASE_STRIP = NO;
				DEBUG_INFORMATION_FORMAT = dwarf;
				ENABLE_STRICT_OBJC_MSGSEND = YES;
				ENABLE_TESTABILITY = YES;
				ENABLE_USER_SCRIPT_SANDBOXING = YES;
				GCC_C_LANGUAGE_STANDARD = gnu17;
				GCC_DYNAMIC_NO_PIC = NO;
				GCC_NO_COMMON_BLOCKS = YES;
				GCC_OPTIMIZATION_LEVEL = 0;
				GCC_PREPROCESSOR_DEFINITIONS = (
					"DEBUG=1",
					"$(inherited)",
				);
				GCC_WARN_64_TO_32_BIT_CONVERSION = YES;
				GCC_WARN_ABOUT_RETURN_TYPE = YES_ERROR;
				GCC_WARN_UNDECLARED_SELECTOR = YES;
				GCC_WARN_UNINITIALIZED_AUTOS = YES_AGGRESSIVE;
				GCC_WARN_UNUSED_FUNCTION = YES;
				GCC_WARN_UNUSED_VARIABLE = YES;
				IPHONEOS_DEPLOYMENT_TARGET = 17.2;
				LOCALIZATION_PREFERS_STRING_CATALOGS = YES;
				MTL_ENABLE_DEBUG_INFO = INCLUDE_SOURCE;
				MTL_FAST_MATH = YES;
				ONLY_ACTIVE_ARCH = YES;
				SDKROOT = iphoneos;
				SWIFT_ACTIVE_COMPILATION_CONDITIONS = "DEBUG $(inherited)";
				SWIFT_OPTIMIZATION_LEVEL = "-Onone";
			};
			name = Debug;
		};
		3495824A2BD864C400B7EA75 /* Release */ = {
			isa = XCBuildConfiguration;
			buildSettings = {
				ALWAYS_SEARCH_USER_PATHS = NO;
				ASSETCATALOG_COMPILER_GENERATE_SWIFT_ASSET_SYMBOL_EXTENSIONS = YES;
				CLANG_ANALYZER_NONNULL = YES;
				CLANG_ANALYZER_NUMBER_OBJECT_CONVERSION = YES_AGGRESSIVE;
				CLANG_CXX_LANGUAGE_STANDARD = "gnu++20";
				CLANG_ENABLE_MODULES = YES;
				CLANG_ENABLE_OBJC_ARC = YES;
				CLANG_ENABLE_OBJC_WEAK = YES;
				CLANG_WARN_BLOCK_CAPTURE_AUTORELEASING = YES;
				CLANG_WARN_BOOL_CONVERSION = YES;
				CLANG_WARN_COMMA = YES;
				CLANG_WARN_CONSTANT_CONVERSION = YES;
				CLANG_WARN_DEPRECATED_OBJC_IMPLEMENTATIONS = YES;
				CLANG_WARN_DIRECT_OBJC_ISA_USAGE = YES_ERROR;
				CLANG_WARN_DOCUMENTATION_COMMENTS = YES;
				CLANG_WARN_EMPTY_BODY = YES;
				CLANG_WARN_ENUM_CONVERSION = YES;
				CLANG_WARN_INFINITE_RECURSION = YES;
				CLANG_WARN_INT_CONVERSION = YES;
				CLANG_WARN_NON_LITERAL_NULL_CONVERSION = YES;
				CLANG_WARN_OBJC_IMPLICIT_RETAIN_SELF = YES;
				CLANG_WARN_OBJC_LITERAL_CONVERSION = YES;
				CLANG_WARN_OBJC_ROOT_CLASS = YES_ERROR;
				CLANG_WARN_QUOTED_INCLUDE_IN_FRAMEWORK_HEADER = YES;
				CLANG_WARN_RANGE_LOOP_ANALYSIS = YES;
				CLANG_WARN_STRICT_PROTOTYPES = YES;
				CLANG_WARN_SUSPICIOUS_MOVE = YES;
				CLANG_WARN_UNGUARDED_AVAILABILITY = YES_AGGRESSIVE;
				CLANG_WARN_UNREACHABLE_CODE = YES;
				CLANG_WARN__DUPLICATE_METHOD_MATCH = YES;
				COPY_PHASE_STRIP = NO;
				DEBUG_INFORMATION_FORMAT = "dwarf-with-dsym";
				ENABLE_NS_ASSERTIONS = NO;
				ENABLE_STRICT_OBJC_MSGSEND = YES;
				ENABLE_USER_SCRIPT_SANDBOXING = YES;
				GCC_C_LANGUAGE_STANDARD = gnu17;
				GCC_NO_COMMON_BLOCKS = YES;
				GCC_WARN_64_TO_32_BIT_CONVERSION = YES;
				GCC_WARN_ABOUT_RETURN_TYPE = YES_ERROR;
				GCC_WARN_UNDECLARED_SELECTOR = YES;
				GCC_WARN_UNINITIALIZED_AUTOS = YES_AGGRESSIVE;
				GCC_WARN_UNUSED_FUNCTION = YES;
				GCC_WARN_UNUSED_VARIABLE = YES;
				IPHONEOS_DEPLOYMENT_TARGET = 17.2;
				LOCALIZATION_PREFERS_STRING_CATALOGS = YES;
				MTL_ENABLE_DEBUG_INFO = NO;
				MTL_FAST_MATH = YES;
				SDKROOT = iphoneos;
				SWIFT_COMPILATION_MODE = wholemodule;
				VALIDATE_PRODUCT = YES;
			};
			name = Release;
		};
		3495824C2BD864C400B7EA75 /* Debug */ = {
			isa = XCBuildConfiguration;
			buildSettings = {
				ASSETCATALOG_COMPILER_APPICON_NAME = AppIcon;
				ASSETCATALOG_COMPILER_GLOBAL_ACCENT_COLOR_NAME = AccentColor;
				CODE_SIGN_STYLE = Automatic;
				CURRENT_PROJECT_VERSION = 1;
				DEVELOPMENT_ASSET_PATHS = "\"Child Lock Prototype/Preview Content\"";
				DEVELOPMENT_TEAM = C9482SW2A2;
				ENABLE_PREVIEWS = YES;
				GENERATE_INFOPLIST_FILE = YES;
				INFOPLIST_FILE = "Child-Lock-Prototype-Info.plist";
				INFOPLIST_KEY_UIApplicationSceneManifest_Generation = YES;
				INFOPLIST_KEY_UIApplicationSupportsIndirectInputEvents = YES;
				INFOPLIST_KEY_UILaunchScreen_Generation = YES;
				INFOPLIST_KEY_UISupportedInterfaceOrientations_iPad = "UIInterfaceOrientationPortrait UIInterfaceOrientationPortraitUpsideDown UIInterfaceOrientationLandscapeLeft UIInterfaceOrientationLandscapeRight";
				INFOPLIST_KEY_UISupportedInterfaceOrientations_iPhone = "UIInterfaceOrientationPortrait UIInterfaceOrientationLandscapeLeft UIInterfaceOrientationLandscapeRight";
				LD_RUNPATH_SEARCH_PATHS = (
					"$(inherited)",
					"@executable_path/Frameworks",
				);
				MARKETING_VERSION = 1.0;
				PRODUCT_BUNDLE_IDENTIFIER = "com.yevinw.Child-Lock-Prototype";
				PRODUCT_NAME = "$(TARGET_NAME)";
				SWIFT_EMIT_LOC_STRINGS = YES;
				SWIFT_VERSION = 5.0;
				TARGETED_DEVICE_FAMILY = "1,2";
			};
			name = Debug;
		};
		3495824D2BD864C400B7EA75 /* Release */ = {
			isa = XCBuildConfiguration;
			buildSettings = {
				ASSETCATALOG_COMPILER_APPICON_NAME = AppIcon;
				ASSETCATALOG_COMPILER_GLOBAL_ACCENT_COLOR_NAME = AccentColor;
				CODE_SIGN_STYLE = Automatic;
				CURRENT_PROJECT_VERSION = 1;
				DEVELOPMENT_ASSET_PATHS = "\"Child Lock Prototype/Preview Content\"";
				DEVELOPMENT_TEAM = C9482SW2A2;
				ENABLE_PREVIEWS = YES;
				GENERATE_INFOPLIST_FILE = YES;
				INFOPLIST_FILE = "Child-Lock-Prototype-Info.plist";
				INFOPLIST_KEY_UIApplicationSceneManifest_Generation = YES;
				INFOPLIST_KEY_UIApplicationSupportsIndirectInputEvents = YES;
				INFOPLIST_KEY_UILaunchScreen_Generation = YES;
				INFOPLIST_KEY_UISupportedInterfaceOrientations_iPad = "UIInterfaceOrientationPortrait UIInterfaceOrientationPortraitUpsideDown UIInterfaceOrientationLandscapeLeft UIInterfaceOrientationLandscapeRight";
				INFOPLIST_KEY_UISupportedInterfaceOrientations_iPhone = "UIInterfaceOrientationPortrait UIInterfaceOrientationLandscapeLeft UIInterfaceOrientationLandscapeRight";
				LD_RUNPATH_SEARCH_PATHS = (
					"$(inherited)",
					"@executable_path/Frameworks",
				);
				MARKETING_VERSION = 1.0;
				PRODUCT_BUNDLE_IDENTIFIER = "com.yevinw.Child-Lock-Prototype";
				PRODUCT_NAME = "$(TARGET_NAME)";
				SWIFT_EMIT_LOC_STRINGS = YES;
				SWIFT_VERSION = 5.0;
				TARGETED_DEVICE_FAMILY = "1,2";
			};
			name = Release;
		};
		3495824F2BD864C400B7EA75 /* Debug */ = {
			isa = XCBuildConfiguration;
			buildSettings = {
				ALWAYS_EMBED_SWIFT_STANDARD_LIBRARIES = YES;
				BUNDLE_LOADER = "$(TEST_HOST)";
				CODE_SIGN_STYLE = Automatic;
				CURRENT_PROJECT_VERSION = 1;
				DEVELOPMENT_TEAM = C9482SW2A2;
				GENERATE_INFOPLIST_FILE = YES;
				IPHONEOS_DEPLOYMENT_TARGET = 17.2;
				MARKETING_VERSION = 1.0;
				PRODUCT_BUNDLE_IDENTIFIER = "com.yevinw.Child-Lock-PrototypeTests";
				PRODUCT_NAME = "$(TARGET_NAME)";
				SWIFT_EMIT_LOC_STRINGS = NO;
				SWIFT_VERSION = 5.0;
				TARGETED_DEVICE_FAMILY = "1,2";
				TEST_HOST = "$(BUILT_PRODUCTS_DIR)/Child Lock Prototype.app/$(BUNDLE_EXECUTABLE_FOLDER_PATH)/Child Lock Prototype";
			};
			name = Debug;
		};
		349582502BD864C400B7EA75 /* Release */ = {
			isa = XCBuildConfiguration;
			buildSettings = {
				ALWAYS_EMBED_SWIFT_STANDARD_LIBRARIES = YES;
				BUNDLE_LOADER = "$(TEST_HOST)";
				CODE_SIGN_STYLE = Automatic;
				CURRENT_PROJECT_VERSION = 1;
				DEVELOPMENT_TEAM = C9482SW2A2;
				GENERATE_INFOPLIST_FILE = YES;
				IPHONEOS_DEPLOYMENT_TARGET = 17.2;
				MARKETING_VERSION = 1.0;
				PRODUCT_BUNDLE_IDENTIFIER = "com.yevinw.Child-Lock-PrototypeTests";
				PRODUCT_NAME = "$(TARGET_NAME)";
				SWIFT_EMIT_LOC_STRINGS = NO;
				SWIFT_VERSION = 5.0;
				TARGETED_DEVICE_FAMILY = "1,2";
				TEST_HOST = "$(BUILT_PRODUCTS_DIR)/Child Lock Prototype.app/$(BUNDLE_EXECUTABLE_FOLDER_PATH)/Child Lock Prototype";
			};
			name = Release;
		};
		349582522BD864C400B7EA75 /* Debug */ = {
			isa = XCBuildConfiguration;
			buildSettings = {
				ALWAYS_EMBED_SWIFT_STANDARD_LIBRARIES = YES;
				CODE_SIGN_STYLE = Automatic;
				CURRENT_PROJECT_VERSION = 1;
				DEVELOPMENT_TEAM = C9482SW2A2;
				GENERATE_INFOPLIST_FILE = YES;
				MARKETING_VERSION = 1.0;
				PRODUCT_BUNDLE_IDENTIFIER = "com.yevinw.Child-Lock-PrototypeUITests";
				PRODUCT_NAME = "$(TARGET_NAME)";
				SWIFT_EMIT_LOC_STRINGS = NO;
				SWIFT_VERSION = 5.0;
				TARGETED_DEVICE_FAMILY = "1,2";
				TEST_TARGET_NAME = "Child Lock Prototype";
			};
			name = Debug;
		};
		349582532BD864C400B7EA75 /* Release */ = {
			isa = XCBuildConfiguration;
			buildSettings = {
				ALWAYS_EMBED_SWIFT_STANDARD_LIBRARIES = YES;
				CODE_SIGN_STYLE = Automatic;
				CURRENT_PROJECT_VERSION = 1;
				DEVELOPMENT_TEAM = C9482SW2A2;
				GENERATE_INFOPLIST_FILE = YES;
				MARKETING_VERSION = 1.0;
				PRODUCT_BUNDLE_IDENTIFIER = "com.yevinw.Child-Lock-PrototypeUITests";
				PRODUCT_NAME = "$(TARGET_NAME)";
				SWIFT_EMIT_LOC_STRINGS = NO;
				SWIFT_VERSION = 5.0;
				TARGETED_DEVICE_FAMILY = "1,2";
				TEST_TARGET_NAME = "Child Lock Prototype";
			};
			name = Release;
		};
/* End XCBuildConfiguration section */

/* Begin XCConfigurationList section */
		3495821D2BD864C300B7EA75 /* Build configuration list for PBXProject "Child Lock Prototype" */ = {
			isa = XCConfigurationList;
			buildConfigurations = (
				349582492BD864C400B7EA75 /* Debug */,
				3495824A2BD864C400B7EA75 /* Release */,
			);
			defaultConfigurationIsVisible = 0;
			defaultConfigurationName = Release;
		};
		3495824B2BD864C400B7EA75 /* Build configuration list for PBXNativeTarget "Child Lock Prototype" */ = {
			isa = XCConfigurationList;
			buildConfigurations = (
				3495824C2BD864C400B7EA75 /* Debug */,
				3495824D2BD864C400B7EA75 /* Release */,
			);
			defaultConfigurationIsVisible = 0;
			defaultConfigurationName = Release;
		};
		3495824E2BD864C400B7EA75 /* Build configuration list for PBXNativeTarget "Child Lock PrototypeTests" */ = {
			isa = XCConfigurationList;
			buildConfigurations = (
				3495824F2BD864C400B7EA75 /* Debug */,
				349582502BD864C400B7EA75 /* Release */,
			);
			defaultConfigurationIsVisible = 0;
			defaultConfigurationName = Release;
		};
		349582512BD864C400B7EA75 /* Build configuration list for PBXNativeTarget "Child Lock PrototypeUITests" */ = {
			isa = XCConfigurationList;
			buildConfigurations = (
				349582522BD864C400B7EA75 /* Debug */,
				349582532BD864C400B7EA75 /* Release */,
			);
			defaultConfigurationIsVisible = 0;
			defaultConfigurationName = Release;
		};
/* End XCConfigurationList section */

/* Begin XCRemoteSwiftPackageReference section */
		347841012BE33C1C003182A5 /* XCRemoteSwiftPackageReference "GoogleSignIn-iOS" */ = {
			isa = XCRemoteSwiftPackageReference;
			repositoryURL = "https://github.com/google/GoogleSignIn-iOS.git";
			requirement = {
				kind = upToNextMajorVersion;
				minimumVersion = 7.1.0;
			};
		};
		34E5A34F2BDC345A00938DD2 /* XCRemoteSwiftPackageReference "firebase-ios-sdk" */ = {
			isa = XCRemoteSwiftPackageReference;
			repositoryURL = "https://github.com/firebase/firebase-ios-sdk";
			requirement = {
				kind = upToNextMajorVersion;
				minimumVersion = 10.24.0;
			};
		};
/* End XCRemoteSwiftPackageReference section */

/* Begin XCSwiftPackageProductDependency section */
		347841022BE33C1C003182A5 /* GoogleSignIn */ = {
			isa = XCSwiftPackageProductDependency;
			package = 347841012BE33C1C003182A5 /* XCRemoteSwiftPackageReference "GoogleSignIn-iOS" */;
			productName = GoogleSignIn;
		};
		347841042BE33C1C003182A5 /* GoogleSignInSwift */ = {
			isa = XCSwiftPackageProductDependency;
			package = 347841012BE33C1C003182A5 /* XCRemoteSwiftPackageReference "GoogleSignIn-iOS" */;
			productName = GoogleSignInSwift;
		};
		34BAA5182BE1C8190090D34D /* FirebaseFirestore */ = {
			isa = XCSwiftPackageProductDependency;
			package = 34E5A34F2BDC345A00938DD2 /* XCRemoteSwiftPackageReference "firebase-ios-sdk" */;
			productName = FirebaseFirestore;
		};
		34E5A3502BDC345A00938DD2 /* FirebaseAnalytics */ = {
			isa = XCSwiftPackageProductDependency;
			package = 34E5A34F2BDC345A00938DD2 /* XCRemoteSwiftPackageReference "firebase-ios-sdk" */;
			productName = FirebaseAnalytics;
		};
		34E5A3522BDC345A00938DD2 /* FirebaseAnalyticsSwift */ = {
			isa = XCSwiftPackageProductDependency;
			package = 34E5A34F2BDC345A00938DD2 /* XCRemoteSwiftPackageReference "firebase-ios-sdk" */;
			productName = FirebaseAnalyticsSwift;
		};
		34E5A3572BDC39D300938DD2 /* FirebaseAuth */ = {
			isa = XCSwiftPackageProductDependency;
			package = 34E5A34F2BDC345A00938DD2 /* XCRemoteSwiftPackageReference "firebase-ios-sdk" */;
			productName = FirebaseAuth;
		};
/* End XCSwiftPackageProductDependency section */

/* Begin XCVersionGroup section */
		349582302BD864C400B7EA75 /* Child_Lock_Prototype.xcdatamodeld */ = {
			isa = XCVersionGroup;
			children = (
				349582312BD864C400B7EA75 /* Child_Lock_Prototype.xcdatamodel */,
			);
			currentVersion = 349582312BD864C400B7EA75 /* Child_Lock_Prototype.xcdatamodel */;
			path = Child_Lock_Prototype.xcdatamodeld;
			sourceTree = "<group>";
			versionGroupType = wrapper.xcdatamodel;
		};
/* End XCVersionGroup section */
	};
	rootObject = 3495821A2BD864C300B7EA75 /* Project object */;
}
